
Microsoft Visual Studio Solution File, Format Version 11.00
# Visual Studio 2010
Project("{8BC9CEB8-8B4A-11D0-8D11-00A0C91BC942}") = "teszt", "teszt\teszt.vcxproj", "{6D7965B2-5059-438A-B515-68860588F611}"
EndProject
Global
	GlobalSection(SolutionConfigurationPlatforms) = preSolution
		Debug|Win32 = Debug|Win32
		Release|Win32 = Release|Win32
	EndGlobalSection
	GlobalSection(ProjectConfigurationPlatforms) = postSolution
		{6D7965B2-5059-438A-B515-68860588F611}.Debug|Win32.ActiveCfg = Debug|Win32
		{6D7965B2-5059-438A-B515-68860588F611}.Debug|Win32.Build.0 = Debug|Win32
		{6D7965B2-5059-438A-B515-68860588F611}.Release|Win32.ActiveCfg = Release|Win32
		{6D7965B2-5059-438A-B515-68860588F611}.Release|Win32.Build.0 = Release|Win32
	EndGlobalSection
	GlobalSection(SolutionProperties) = preSolution
		HideSolutionNode = FALSE
	EndGlobalSection
EndGlobal
